
Microsoft Visual Studio Solution File, Format Version 12.00
# Visual Studio 2013
VisualStudioVersion = 12.0.31101.0
MinimumVisualStudioVersion = 10.0.40219.1
Project("{FAE04EC0-301F-11D3-BF4B-00C04F79EFBC}") = "01", "02.26_ExamPrep\01.csproj", "{76A4252C-3E84-4870-A1AE-5EDE96B4F7E8}"
EndProject
Project("{FAE04EC0-301F-11D3-BF4B-00C04F79EFBC}") = "01.22.2014_ 01_Ev_TresNum_100", "Testing\01.22.2014_ 01_Ev_TresNum_100.csproj", "{F06492B7-1ECB-44E0-B5E5-D3EB1CB569BD}"
EndProject
Project("{FAE04EC0-301F-11D3-BF4B-00C04F79EFBC}") = "01.22.2014_02_Ev_BunnyFactory_40", "02.22.Ev_BunnyFactory\01.22.2014_02_Ev_BunnyFactory_40.csproj", "{FC80519C-086A-4CE6-89F4-E5AC658518CC}"
EndProject
Project("{FAE04EC0-301F-11D3-BF4B-00C04F79EFBC}") = "01.22.2014_03_Ev_Patterns_100", "02.22.Ev_Patterns\01.22.2014_03_Ev_Patterns_100.csproj", "{EA816042-8B7E-428D-A318-ED19DAA5B53A}"
EndProject
Project("{FAE04EC0-301F-11D3-BF4B-00C04F79EFBC}") = "01.22.2014_04_VariableLenghtCoding", "01.22.2014_04_VariableLenghtCoding\01.22.2014_04_VariableLenghtCoding.csproj", "{C73508B8-1E82-4815-A34C-0C68C29D52C6}"
EndProject
Project("{FAE04EC0-301F-11D3-BF4B-00C04F79EFBC}") = "ForTest", "ForTest\ForTest.csproj", "{7C3C76AE-6583-491C-9CCC-B4E75162BEED}"
EndProject
Project("{FAE04EC0-301F-11D3-BF4B-00C04F79EFBC}") = "01.22.2014_05_Ev_HelpDoge", "01.22.2014_05_Ev_HelpDoge\01.22.2014_05_Ev_HelpDoge.csproj", "{C4E1A978-01D3-41A9-9EA2-05D2FFE51225}"
EndProject
Project("{FAE04EC0-301F-11D3-BF4B-00C04F79EFBC}") = "09.14.2013_Ev_01_Zerg", "09.14.2013_Ev_Zerg\09.14.2013_Ev_01_Zerg.csproj", "{24A32387-6B2C-40BD-B058-2BD0190B3EFD}"
EndProject
Project("{FAE04EC0-301F-11D3-BF4B-00C04F79EFBC}") = "09.14.2013_Ev_02_MovingLetters", "09.14.2013_Ev_02_MovingLetters\09.14.2013_Ev_02_MovingLetters.csproj", "{09B6B2E1-D04C-443F-9E5B-6B0CD8389776}"
EndProject
Project("{FAE04EC0-301F-11D3-BF4B-00C04F79EFBC}") = "09.14.2013_Ev_05_TheyAreGreen", "09.14.2013_Ev_05_TheyAreGreen\09.14.2013_Ev_05_TheyAreGreen.csproj", "{F2719F1C-3194-40FF-A4E0-2818A1A21C04}"
EndProject
Project("{FAE04EC0-301F-11D3-BF4B-00C04F79EFBC}") = "09.14.2013_Ev_04_EncodeEncript", "09.14.2013_Ev_04_EncodeEncript\09.14.2013_Ev_04_EncodeEncript.csproj", "{661CB630-2854-4D5D-93E3-21EE82D48C04}"
EndProject
Project("{FAE04EC0-301F-11D3-BF4B-00C04F79EFBC}") = "09.14.2013_Ev_03_Tron3D_18PTS", "09.14.2013_Ev_03_Tron3D\09.14.2013_Ev_03_Tron3D_18PTS.csproj", "{50F3D0BA-BFD0-4A2A-B76C-6EE7C4ACD431}"
EndProject
Project("{FAE04EC0-301F-11D3-BF4B-00C04F79EFBC}") = "02.05.2013_01_DurankulakNums", "02.05.2013_01_DurankulakNums\02.05.2013_01_DurankulakNums.csproj", "{5D202510-4FCC-416B-ADA1-6CD397DD3932}"
EndProject
Project("{FAE04EC0-301F-11D3-BF4B-00C04F79EFBC}") = "02.05.2013_02_JoroTheRabbit", "02.05.2013_02_JoroTheRabbit\02.05.2013_02_JoroTheRabbit.csproj", "{ED5B364D-1B6B-4B05-9DAC-F7B1483095AD}"
EndProject
Project("{FAE04EC0-301F-11D3-BF4B-00C04F79EFBC}") = "02.05.2013_03_Laser", "02.05.2013_03_Laser\02.05.2013_03_Laser.csproj", "{F7017F44-E370-46F0-A370-0CDBC98ABADD}"
EndProject
Project("{FAE04EC0-301F-11D3-BF4B-00C04F79EFBC}") = "02.05.2013_04_Brackets", "02.05.2013_04_Brackets\02.05.2013_04_Brackets.csproj", "{E5F7190C-D639-450E-AE18-3ED631598954}"
EndProject
Project("{FAE04EC0-301F-11D3-BF4B-00C04F79EFBC}") = "09.14.2013_Ev_05_TheyAreGreen_02", "09.14.2013_Ev_05_TheyAreGreen_02\09.14.2013_Ev_05_TheyAreGreen_02.csproj", "{3AEAC79B-F1A0-4A7C-9854-42160758901E}"
EndProject
Project("{FAE04EC0-301F-11D3-BF4B-00C04F79EFBC}") = "01.24.2014_01_StrangeNumbers", "01.24.2014_01_StrangeNumbers\01.24.2014_01_StrangeNumbers.csproj", "{16EF6725-7C05-4B93-9A0E-380BA5B7C34B}"
EndProject
Project("{FAE04EC0-301F-11D3-BF4B-00C04F79EFBC}") = "01.24.2014_02_TwoGirlsOnePath", "01.24.2014_02_TwoGirlsOnePath\01.24.2014_02_TwoGirlsOnePath.csproj", "{7B80BD8B-702E-4A08-8961-58EE7A6A18B6}"
EndProject
Project("{FAE04EC0-301F-11D3-BF4B-00C04F79EFBC}") = "01.24.2014_02_TwoGirlsOnePath_02", "01.24.2014_02_TwoGirlsOnePath_02\01.24.2014_02_TwoGirlsOnePath_02.csproj", "{EBAF8243-CA02-42FB-91BC-28A72016C873}"
EndProject
Project("{FAE04EC0-301F-11D3-BF4B-00C04F79EFBC}") = "01.24.2014_03_Digits", "01.24.2014_03_Digits\01.24.2014_03_Digits.csproj", "{A35250A1-1EEF-412B-ABCD-F41A4424F6A6}"
EndProject
Project("{FAE04EC0-301F-11D3-BF4B-00C04F79EFBC}") = "01.24.2014_05_Digits", "01.24.2014_05_Digits\01.24.2014_05_Digits.csproj", "{D45BC090-EE06-4CDB-8468-9C97B17F76BD}"
EndProject
Global
	GlobalSection(SolutionConfigurationPlatforms) = preSolution
		Debug|Any CPU = Debug|Any CPU
		Release|Any CPU = Release|Any CPU
	EndGlobalSection
	GlobalSection(ProjectConfigurationPlatforms) = postSolution
		{76A4252C-3E84-4870-A1AE-5EDE96B4F7E8}.Debug|Any CPU.ActiveCfg = Debug|Any CPU
		{76A4252C-3E84-4870-A1AE-5EDE96B4F7E8}.Debug|Any CPU.Build.0 = Debug|Any CPU
		{76A4252C-3E84-4870-A1AE-5EDE96B4F7E8}.Release|Any CPU.ActiveCfg = Release|Any CPU
		{76A4252C-3E84-4870-A1AE-5EDE96B4F7E8}.Release|Any CPU.Build.0 = Release|Any CPU
		{F06492B7-1ECB-44E0-B5E5-D3EB1CB569BD}.Debug|Any CPU.ActiveCfg = Debug|Any CPU
		{F06492B7-1ECB-44E0-B5E5-D3EB1CB569BD}.Debug|Any CPU.Build.0 = Debug|Any CPU
		{F06492B7-1ECB-44E0-B5E5-D3EB1CB569BD}.Release|Any CPU.ActiveCfg = Release|Any CPU
		{F06492B7-1ECB-44E0-B5E5-D3EB1CB569BD}.Release|Any CPU.Build.0 = Release|Any CPU
		{FC80519C-086A-4CE6-89F4-E5AC658518CC}.Debug|Any CPU.ActiveCfg = Debug|Any CPU
		{FC80519C-086A-4CE6-89F4-E5AC658518CC}.Debug|Any CPU.Build.0 = Debug|Any CPU
		{FC80519C-086A-4CE6-89F4-E5AC658518CC}.Release|Any CPU.ActiveCfg = Release|Any CPU
		{FC80519C-086A-4CE6-89F4-E5AC658518CC}.Release|Any CPU.Build.0 = Release|Any CPU
		{EA816042-8B7E-428D-A318-ED19DAA5B53A}.Debug|Any CPU.ActiveCfg = Debug|Any CPU
		{EA816042-8B7E-428D-A318-ED19DAA5B53A}.Debug|Any CPU.Build.0 = Debug|Any CPU
		{EA816042-8B7E-428D-A318-ED19DAA5B53A}.Release|Any CPU.ActiveCfg = Release|Any CPU
		{EA816042-8B7E-428D-A318-ED19DAA5B53A}.Release|Any CPU.Build.0 = Release|Any CPU
		{C73508B8-1E82-4815-A34C-0C68C29D52C6}.Debug|Any CPU.ActiveCfg = Debug|Any CPU
		{C73508B8-1E82-4815-A34C-0C68C29D52C6}.Debug|Any CPU.Build.0 = Debug|Any CPU
		{C73508B8-1E82-4815-A34C-0C68C29D52C6}.Release|Any CPU.ActiveCfg = Release|Any CPU
		{C73508B8-1E82-4815-A34C-0C68C29D52C6}.Release|Any CPU.Build.0 = Release|Any CPU
		{7C3C76AE-6583-491C-9CCC-B4E75162BEED}.Debug|Any CPU.ActiveCfg = Debug|Any CPU
		{7C3C76AE-6583-491C-9CCC-B4E75162BEED}.Debug|Any CPU.Build.0 = Debug|Any CPU
		{7C3C76AE-6583-491C-9CCC-B4E75162BEED}.Release|Any CPU.ActiveCfg = Release|Any CPU
		{7C3C76AE-6583-491C-9CCC-B4E75162BEED}.Release|Any CPU.Build.0 = Release|Any CPU
		{C4E1A978-01D3-41A9-9EA2-05D2FFE51225}.Debug|Any CPU.ActiveCfg = Debug|Any CPU
		{C4E1A978-01D3-41A9-9EA2-05D2FFE51225}.Debug|Any CPU.Build.0 = Debug|Any CPU
		{C4E1A978-01D3-41A9-9EA2-05D2FFE51225}.Release|Any CPU.ActiveCfg = Release|Any CPU
		{C4E1A978-01D3-41A9-9EA2-05D2FFE51225}.Release|Any CPU.Build.0 = Release|Any CPU
		{24A32387-6B2C-40BD-B058-2BD0190B3EFD}.Debug|Any CPU.ActiveCfg = Debug|Any CPU
		{24A32387-6B2C-40BD-B058-2BD0190B3EFD}.Debug|Any CPU.Build.0 = Debug|Any CPU
		{24A32387-6B2C-40BD-B058-2BD0190B3EFD}.Release|Any CPU.ActiveCfg = Release|Any CPU
		{24A32387-6B2C-40BD-B058-2BD0190B3EFD}.Release|Any CPU.Build.0 = Release|Any CPU
		{09B6B2E1-D04C-443F-9E5B-6B0CD8389776}.Debug|Any CPU.ActiveCfg = Debug|Any CPU
		{09B6B2E1-D04C-443F-9E5B-6B0CD8389776}.Debug|Any CPU.Build.0 = Debug|Any CPU
		{09B6B2E1-D04C-443F-9E5B-6B0CD8389776}.Release|Any CPU.ActiveCfg = Release|Any CPU
		{09B6B2E1-D04C-443F-9E5B-6B0CD8389776}.Release|Any CPU.Build.0 = Release|Any CPU
		{F2719F1C-3194-40FF-A4E0-2818A1A21C04}.Debug|Any CPU.ActiveCfg = Debug|Any CPU
		{F2719F1C-3194-40FF-A4E0-2818A1A21C04}.Debug|Any CPU.Build.0 = Debug|Any CPU
		{F2719F1C-3194-40FF-A4E0-2818A1A21C04}.Release|Any CPU.ActiveCfg = Release|Any CPU
		{F2719F1C-3194-40FF-A4E0-2818A1A21C04}.Release|Any CPU.Build.0 = Release|Any CPU
		{661CB630-2854-4D5D-93E3-21EE82D48C04}.Debug|Any CPU.ActiveCfg = Debug|Any CPU
		{661CB630-2854-4D5D-93E3-21EE82D48C04}.Debug|Any CPU.Build.0 = Debug|Any CPU
		{661CB630-2854-4D5D-93E3-21EE82D48C04}.Release|Any CPU.ActiveCfg = Release|Any CPU
		{661CB630-2854-4D5D-93E3-21EE82D48C04}.Release|Any CPU.Build.0 = Release|Any CPU
		{50F3D0BA-BFD0-4A2A-B76C-6EE7C4ACD431}.Debug|Any CPU.ActiveCfg = Debug|Any CPU
		{50F3D0BA-BFD0-4A2A-B76C-6EE7C4ACD431}.Debug|Any CPU.Build.0 = Debug|Any CPU
		{50F3D0BA-BFD0-4A2A-B76C-6EE7C4ACD431}.Release|Any CPU.ActiveCfg = Release|Any CPU
		{50F3D0BA-BFD0-4A2A-B76C-6EE7C4ACD431}.Release|Any CPU.Build.0 = Release|Any CPU
		{5D202510-4FCC-416B-ADA1-6CD397DD3932}.Debug|Any CPU.ActiveCfg = Debug|Any CPU
		{5D202510-4FCC-416B-ADA1-6CD397DD3932}.Debug|Any CPU.Build.0 = Debug|Any CPU
		{5D202510-4FCC-416B-ADA1-6CD397DD3932}.Release|Any CPU.ActiveCfg = Release|Any CPU
		{5D202510-4FCC-416B-ADA1-6CD397DD3932}.Release|Any CPU.Build.0 = Release|Any CPU
		{ED5B364D-1B6B-4B05-9DAC-F7B1483095AD}.Debug|Any CPU.ActiveCfg = Debug|Any CPU
		{ED5B364D-1B6B-4B05-9DAC-F7B1483095AD}.Debug|Any CPU.Build.0 = Debug|Any CPU
		{ED5B364D-1B6B-4B05-9DAC-F7B1483095AD}.Release|Any CPU.ActiveCfg = Release|Any CPU
		{ED5B364D-1B6B-4B05-9DAC-F7B1483095AD}.Release|Any CPU.Build.0 = Release|Any CPU
		{F7017F44-E370-46F0-A370-0CDBC98ABADD}.Debug|Any CPU.ActiveCfg = Debug|Any CPU
		{F7017F44-E370-46F0-A370-0CDBC98ABADD}.Debug|Any CPU.Build.0 = Debug|Any CPU
		{F7017F44-E370-46F0-A370-0CDBC98ABADD}.Release|Any CPU.ActiveCfg = Release|Any CPU
		{F7017F44-E370-46F0-A370-0CDBC98ABADD}.Release|Any CPU.Build.0 = Release|Any CPU
		{E5F7190C-D639-450E-AE18-3ED631598954}.Debug|Any CPU.ActiveCfg = Debug|Any CPU
		{E5F7190C-D639-450E-AE18-3ED631598954}.Debug|Any CPU.Build.0 = Debug|Any CPU
		{E5F7190C-D639-450E-AE18-3ED631598954}.Release|Any CPU.ActiveCfg = Release|Any CPU
		{E5F7190C-D639-450E-AE18-3ED631598954}.Release|Any CPU.Build.0 = Release|Any CPU
		{3AEAC79B-F1A0-4A7C-9854-42160758901E}.Debug|Any CPU.ActiveCfg = Debug|Any CPU
		{3AEAC79B-F1A0-4A7C-9854-42160758901E}.Debug|Any CPU.Build.0 = Debug|Any CPU
		{3AEAC79B-F1A0-4A7C-9854-42160758901E}.Release|Any CPU.ActiveCfg = Release|Any CPU
		{3AEAC79B-F1A0-4A7C-9854-42160758901E}.Release|Any CPU.Build.0 = Release|Any CPU
		{16EF6725-7C05-4B93-9A0E-380BA5B7C34B}.Debug|Any CPU.ActiveCfg = Debug|Any CPU
		{16EF6725-7C05-4B93-9A0E-380BA5B7C34B}.Debug|Any CPU.Build.0 = Debug|Any CPU
		{16EF6725-7C05-4B93-9A0E-380BA5B7C34B}.Release|Any CPU.ActiveCfg = Release|Any CPU
		{16EF6725-7C05-4B93-9A0E-380BA5B7C34B}.Release|Any CPU.Build.0 = Release|Any CPU
		{7B80BD8B-702E-4A08-8961-58EE7A6A18B6}.Debug|Any CPU.ActiveCfg = Debug|Any CPU
		{7B80BD8B-702E-4A08-8961-58EE7A6A18B6}.Debug|Any CPU.Build.0 = Debug|Any CPU
		{7B80BD8B-702E-4A08-8961-58EE7A6A18B6}.Release|Any CPU.ActiveCfg = Release|Any CPU
		{7B80BD8B-702E-4A08-8961-58EE7A6A18B6}.Release|Any CPU.Build.0 = Release|Any CPU
		{EBAF8243-CA02-42FB-91BC-28A72016C873}.Debug|Any CPU.ActiveCfg = Debug|Any CPU
		{EBAF8243-CA02-42FB-91BC-28A72016C873}.Debug|Any CPU.Build.0 = Debug|Any CPU
		{EBAF8243-CA02-42FB-91BC-28A72016C873}.Release|Any CPU.ActiveCfg = Release|Any CPU
		{EBAF8243-CA02-42FB-91BC-28A72016C873}.Release|Any CPU.Build.0 = Release|Any CPU
		{A35250A1-1EEF-412B-ABCD-F41A4424F6A6}.Debug|Any CPU.ActiveCfg = Debug|Any CPU
		{A35250A1-1EEF-412B-ABCD-F41A4424F6A6}.Debug|Any CPU.Build.0 = Debug|Any CPU
		{A35250A1-1EEF-412B-ABCD-F41A4424F6A6}.Release|Any CPU.ActiveCfg = Release|Any CPU
		{A35250A1-1EEF-412B-ABCD-F41A4424F6A6}.Release|Any CPU.Build.0 = Release|Any CPU
		{D45BC090-EE06-4CDB-8468-9C97B17F76BD}.Debug|Any CPU.ActiveCfg = Debug|Any CPU
		{D45BC090-EE06-4CDB-8468-9C97B17F76BD}.Debug|Any CPU.Build.0 = Debug|Any CPU
		{D45BC090-EE06-4CDB-8468-9C97B17F76BD}.Release|Any CPU.ActiveCfg = Release|Any CPU
		{D45BC090-EE06-4CDB-8468-9C97B17F76BD}.Release|Any CPU.Build.0 = Release|Any CPU
	EndGlobalSection
	GlobalSection(SolutionProperties) = preSolution
		HideSolutionNode = FALSE
	EndGlobalSection
EndGlobal
